# THIS IS AN AUTOGENERATED FILE. DO NOT EDIT THIS FILE DIRECTLY.
# yarn lockfile v1


"@hotwired/stimulus@^3.0.1":
  "integrity" "sha512-oHsJhgY2cip+K2ED7vKUNd2P+BEswVhrCYcJ802DSsblJFv7mPFVk3cQKvm2vHgHeDVdnj7oOKrBbzp1u8D+KA=="
  "resolved" "https://registry.npmjs.org/@hotwired/stimulus/-/stimulus-3.0.1.tgz"
  "version" "3.0.1"

"@hotwired/turbo-rails@^7.1.1":
  "integrity" "sha512-ZXpxUjCfkdbuXfoGrsFK80qsVzACs8xCfie9rt2jMTSN6o1olXVA0Nrk8u02yNEwSiVJm/4QSOa8cUcMj6VQjg=="
  "resolved" "https://registry.npmjs.org/@hotwired/turbo-rails/-/turbo-rails-7.1.1.tgz"
  "version" "7.1.1"
  dependencies:
    "@hotwired/turbo" "^7.1.0"
    "@rails/actioncable" "^7.0"

"@hotwired/turbo@^7.1.0":
  "integrity" "sha512-Q8kGjqwPqER+CtpQudbH+3Zgs2X4zb6pBAlr6NsKTXadg45pAOvxI9i4QpuHbwSzR2+x87HUm+rot9F/Pe8rxA=="
  "resolved" "https://registry.npmjs.org/@hotwired/turbo/-/turbo-7.1.0.tgz"
  "version" "7.1.0"

"@rails/actioncable@^7.0":
  "integrity" "sha512-G26maXW1Kx0LxQdmNNuNjQlRO/QlXNr3QfuwKiOKb5FZQGYe2OwtHTGXBAjSoiu4dW36XYMT/+L1Wo1Yov4ZXA=="
  "resolved" "https://registry.npmjs.org/@rails/actioncable/-/actioncable-7.0.2.tgz"
  "version" "7.0.2"

"@types/prop-types@*":
  "integrity" "sha512-JCB8C6SnDoQf0cNycqd/35A7MjcnK+ZTqE7judS6o7utxUCg6imJg3QK2qzHKszlTjcj2cn+NwMB2i96ubpj7w=="
  "resolved" "https://registry.npmjs.org/@types/prop-types/-/prop-types-15.7.5.tgz"
  "version" "15.7.5"

"@types/react-dom@^18.0.0":
  "integrity" "sha512-49897Y0UiCGmxZqpC8Blrf6meL8QUla6eb+BBhn69dTXlmuOlzkfr7HHY/O8J25e1lTUMs+YYxSlVDAaGHCOLg=="
  "resolved" "https://registry.npmjs.org/@types/react-dom/-/react-dom-18.0.0.tgz"
  "version" "18.0.0"
  dependencies:
    "@types/react" "*"

"@types/react@*":
  "integrity" "sha512-+j2hk9BzCOrrOSJASi5XiOyBbERk9jG5O73Ya4M0env5Ixi6vUNli4qy994AINcEF+1IEHISYFfIT4zwr++LKw=="
  "resolved" "https://registry.npmjs.org/@types/react/-/react-18.0.8.tgz"
  "version" "18.0.8"
  dependencies:
    "@types/prop-types" "*"
    "@types/scheduler" "*"
    "csstype" "^3.0.2"

"@types/scheduler@*":
  "integrity" "sha512-hppQEBDmlwhFAXKJX2KnWLYu5yMfi91yazPb2l+lbJiwW+wdo1gNeRA+3RgNSO39WYX2euey41KEwnqesU2Jew=="
  "resolved" "https://registry.npmjs.org/@types/scheduler/-/scheduler-0.16.2.tgz"
  "version" "0.16.2"

"csstype@^3.0.2":
  "integrity" "sha512-sa6P2wJ+CAbgyy4KFssIb/JNMLxFvKF1pCYCSXS8ZMuqZnMsrxqI2E5sPyoTpxoPU/gVZMzr2zjOfg8GIZOMsw=="
  "resolved" "https://registry.npmjs.org/csstype/-/csstype-3.0.11.tgz"
  "version" "3.0.11"

"esbuild-darwin-64@0.14.38":
  "integrity" "sha512-5JJvgXkX87Pd1Og0u/NJuO7TSqAikAcQQ74gyJ87bqWRVeouky84ICoV4sN6VV53aTW+NE87qLdGY4QA2S7KNA=="
  "resolved" "https://registry.npmjs.org/esbuild-darwin-64/-/esbuild-darwin-64-0.14.38.tgz"
  "version" "0.14.38"

"esbuild@^0.14.38":
  "integrity" "sha512-12fzJ0fsm7gVZX1YQ1InkOE5f9Tl7cgf6JPYXRJtPIoE0zkWAbHdPHVPPaLi9tYAcEBqheGzqLn/3RdTOyBfcA=="
  "resolved" "https://registry.npmjs.org/esbuild/-/esbuild-0.14.38.tgz"
  "version" "0.14.38"
  optionalDependencies:
    "esbuild-android-64" "0.14.38"
    "esbuild-android-arm64" "0.14.38"
    "esbuild-darwin-64" "0.14.38"
    "esbuild-darwin-arm64" "0.14.38"
    "esbuild-freebsd-64" "0.14.38"
    "esbuild-freebsd-arm64" "0.14.38"
    "esbuild-linux-32" "0.14.38"
    "esbuild-linux-64" "0.14.38"
    "esbuild-linux-arm" "0.14.38"
    "esbuild-linux-arm64" "0.14.38"
    "esbuild-linux-mips64le" "0.14.38"
    "esbuild-linux-ppc64le" "0.14.38"
    "esbuild-linux-riscv64" "0.14.38"
    "esbuild-linux-s390x" "0.14.38"
    "esbuild-netbsd-64" "0.14.38"
    "esbuild-openbsd-64" "0.14.38"
    "esbuild-sunos-64" "0.14.38"
    "esbuild-windows-32" "0.14.38"
    "esbuild-windows-64" "0.14.38"
    "esbuild-windows-arm64" "0.14.38"

"js-tokens@^3.0.0 || ^4.0.0":
  "integrity" "sha512-RdJUflcE3cUzKiMqQgsCu06FPu9UdIJO0beYbPhHN4k6apgJtifcoCtT9bcxOpYBtpD2kCM6Sbzg4CausW/PKQ=="
  "resolved" "https://registry.npmjs.org/js-tokens/-/js-tokens-4.0.0.tgz"
  "version" "4.0.0"

"loose-envify@^1.1.0":
  "integrity" "sha512-lyuxPGr/Wfhrlem2CL/UcnUc1zcqKAImBDzukY7Y5F/yQiNdko6+fRLevlw1HgMySw7f611UIY408EtxRSoK3Q=="
  "resolved" "https://registry.npmjs.org/loose-envify/-/loose-envify-1.4.0.tgz"
  "version" "1.4.0"
  dependencies:
    "js-tokens" "^3.0.0 || ^4.0.0"

"object-assign@^4.1.1":
  "integrity" "sha1-IQmtx5ZYh8/AXLvUQsrIv7s2CGM="
  "resolved" "https://registry.npmjs.org/object-assign/-/object-assign-4.1.1.tgz"
  "version" "4.1.1"

"react-dom@^17.0.2":
  "integrity" "sha512-s4h96KtLDUQlsENhMn1ar8t2bEa+q/YAtj8pPPdIjPDGBDIVNsrD9aXNWqspUe6AzKCIG0C1HZZLqLV7qpOBGA=="
  "resolved" "https://registry.npmjs.org/react-dom/-/react-dom-17.0.2.tgz"
  "version" "17.0.2"
  dependencies:
    "loose-envify" "^1.1.0"
    "object-assign" "^4.1.1"
    "scheduler" "^0.20.2"

"react@^17.0.2", "react@17.0.2":
  "integrity" "sha512-gnhPt75i/dq/z3/6q/0asP78D0u592D5L1pd7M8P+dck6Fu/jJeL6iVVK23fptSUZj8Vjf++7wXA8UNclGQcbA=="
  "resolved" "https://registry.npmjs.org/react/-/react-17.0.2.tgz"
  "version" "17.0.2"
  dependencies:
    "loose-envify" "^1.1.0"
    "object-assign" "^4.1.1"

"scheduler@^0.20.2":
  "integrity" "sha512-2eWfGgAqqWFGqtdMmcL5zCMK1U8KlXv8SQFGglL3CEtd0aDVDWgeF/YoCmvln55m5zSk3J/20hTaSBeSObsQDQ=="
  "resolved" "https://registry.npmjs.org/scheduler/-/scheduler-0.20.2.tgz"
  "version" "0.20.2"
  dependencies:
    "loose-envify" "^1.1.0"
    "object-assign" "^4.1.1"

"typescript@^4.6.3":
  "integrity" "sha512-yNIatDa5iaofVozS/uQJEl3JRWLKKGJKh6Yaiv0GLGSuhpFJe7P3SbHZ8/yjAHRQwKRoA6YZqlfjXWmVzoVSMw=="
  "resolved" "https://registry.npmjs.org/typescript/-/typescript-4.6.3.tgz"
  "version" "4.6.3"
